// !$*UTF8*$!
{
	archiveVersion = 1;
	classes = {
	};
	objectVersion = 48;
	objects = {

/* Begin PBXBuildFile section */
		0750A241205B1B9C003E83E5 /* PlayerScore.xib in Resources */ = {isa = PBXBuildFile; fileRef = 0750A240205B1B9C003E83E5 /* PlayerScore.xib */; };
		0750A243205B1BBA003E83E5 /* PlayerScore.swift in Sources */ = {isa = PBXBuildFile; fileRef = 0750A242205B1BBA003E83E5 /* PlayerScore.swift */; };
		079CD91F20531A2C00CF91DD /* Card.swift in Sources */ = {isa = PBXBuildFile; fileRef = 079CD91E20531A2C00CF91DD /* Card.swift */; };
		079CD92120534ADC00CF91DD /* FigureViewController.swift in Sources */ = {isa = PBXBuildFile; fileRef = 079CD92020534ADC00CF91DD /* FigureViewController.swift */; };
		079CD92320534DF200CF91DD /* FigureGameManager.swift in Sources */ = {isa = PBXBuildFile; fileRef = 079CD92220534DF200CF91DD /* FigureGameManager.swift */; };
		079CD92520534FF000CF91DD /* FigureGameService.swift in Sources */ = {isa = PBXBuildFile; fileRef = 079CD92420534FF000CF91DD /* FigureGameService.swift */; };
		7A420D2C2055A43C00B50C6A /* CardView.xib in Resources */ = {isa = PBXBuildFile; fileRef = 7A420D2B2055A43C00B50C6A /* CardView.xib */; };
		7A420D2E2055A7C400B50C6A /* CardView.swift in Sources */ = {isa = PBXBuildFile; fileRef = 7A420D2D2055A7C400B50C6A /* CardView.swift */; };
		7A420D302055BA9700B50C6A /* Player.swift in Sources */ = {isa = PBXBuildFile; fileRef = 7A420D2F2055BA9700B50C6A /* Player.swift */; };
		7A420D322055C52300B50C6A /* Scoreboard.swift in Sources */ = {isa = PBXBuildFile; fileRef = 7A420D312055C52300B50C6A /* Scoreboard.swift */; };
		7A57ED5C204F43E7004815B5 /* AppDelegate.swift in Sources */ = {isa = PBXBuildFile; fileRef = 7A57ED5B204F43E7004815B5 /* AppDelegate.swift */; };
		7A57ED61204F43E7004815B5 /* Main.storyboard in Resources */ = {isa = PBXBuildFile; fileRef = 7A57ED5F204F43E7004815B5 /* Main.storyboard */; };
		7A57ED63204F43E7004815B5 /* Assets.xcassets in Resources */ = {isa = PBXBuildFile; fileRef = 7A57ED62204F43E7004815B5 /* Assets.xcassets */; };
		7A57ED66204F43E7004815B5 /* LaunchScreen.storyboard in Resources */ = {isa = PBXBuildFile; fileRef = 7A57ED64204F43E7004815B5 /* LaunchScreen.storyboard */; };
		7A57ED71204F43E7004815B5 /* Tap_ItTests.swift in Sources */ = {isa = PBXBuildFile; fileRef = 7A57ED70204F43E7004815B5 /* Tap_ItTests.swift */; };
		7AF0AC762056C2CB00734EF1 /* WaitingRoomViewController.swift in Sources */ = {isa = PBXBuildFile; fileRef = 7AF0AC752056C2CB00734EF1 /* WaitingRoomViewController.swift */; };
/* End PBXBuildFile section */

/* Begin PBXContainerItemProxy section */
		7A57ED6D204F43E7004815B5 /* PBXContainerItemProxy */ = {
			isa = PBXContainerItemProxy;
			containerPortal = 7A57ED50204F43E7004815B5 /* Project object */;
			proxyType = 1;
			remoteGlobalIDString = 7A57ED57204F43E7004815B5;
			remoteInfo = "Tap-It";
		};
/* End PBXContainerItemProxy section */

/* Begin PBXFileReference section */
		0750A240205B1B9C003E83E5 /* PlayerScore.xib */ = {isa = PBXFileReference; fileEncoding = 4; lastKnownFileType = file.xib; path = PlayerScore.xib; sourceTree = "<group>"; };
		0750A242205B1BBA003E83E5 /* PlayerScore.swift */ = {isa = PBXFileReference; fileEncoding = 4; lastKnownFileType = sourcecode.swift; path = PlayerScore.swift; sourceTree = "<group>"; };
		079CD91E20531A2C00CF91DD /* Card.swift */ = {isa = PBXFileReference; lastKnownFileType = sourcecode.swift; path = Card.swift; sourceTree = "<group>"; };
		079CD92020534ADC00CF91DD /* FigureViewController.swift */ = {isa = PBXFileReference; lastKnownFileType = sourcecode.swift; path = FigureViewController.swift; sourceTree = "<group>"; };
		079CD92220534DF200CF91DD /* FigureGameManager.swift */ = {isa = PBXFileReference; lastKnownFileType = sourcecode.swift; path = FigureGameManager.swift; sourceTree = "<group>"; };
		079CD92420534FF000CF91DD /* FigureGameService.swift */ = {isa = PBXFileReference; lastKnownFileType = sourcecode.swift; path = FigureGameService.swift; sourceTree = "<group>"; };
		7A420D2B2055A43C00B50C6A /* CardView.xib */ = {isa = PBXFileReference; lastKnownFileType = file.xib; path = CardView.xib; sourceTree = "<group>"; };
		7A420D2D2055A7C400B50C6A /* CardView.swift */ = {isa = PBXFileReference; lastKnownFileType = sourcecode.swift; path = CardView.swift; sourceTree = "<group>"; };
		7A420D2F2055BA9700B50C6A /* Player.swift */ = {isa = PBXFileReference; lastKnownFileType = sourcecode.swift; path = Player.swift; sourceTree = "<group>"; };
		7A420D312055C52300B50C6A /* Scoreboard.swift */ = {isa = PBXFileReference; lastKnownFileType = sourcecode.swift; path = Scoreboard.swift; sourceTree = "<group>"; };
		7A57ED58204F43E7004815B5 /* Tap-It.app */ = {isa = PBXFileReference; explicitFileType = wrapper.application; includeInIndex = 0; path = "Tap-It.app"; sourceTree = BUILT_PRODUCTS_DIR; };
		7A57ED5B204F43E7004815B5 /* AppDelegate.swift */ = {isa = PBXFileReference; lastKnownFileType = sourcecode.swift; path = AppDelegate.swift; sourceTree = "<group>"; };
		7A57ED60204F43E7004815B5 /* Base */ = {isa = PBXFileReference; lastKnownFileType = file.storyboard; name = Base; path = Base.lproj/Main.storyboard; sourceTree = "<group>"; };
		7A57ED62204F43E7004815B5 /* Assets.xcassets */ = {isa = PBXFileReference; lastKnownFileType = folder.assetcatalog; path = Assets.xcassets; sourceTree = "<group>"; };
		7A57ED65204F43E7004815B5 /* Base */ = {isa = PBXFileReference; lastKnownFileType = file.storyboard; name = Base; path = Base.lproj/LaunchScreen.storyboard; sourceTree = "<group>"; };
		7A57ED67204F43E7004815B5 /* Info.plist */ = {isa = PBXFileReference; lastKnownFileType = text.plist.xml; path = Info.plist; sourceTree = "<group>"; };
		7A57ED6C204F43E7004815B5 /* Tap-ItTests.xctest */ = {isa = PBXFileReference; explicitFileType = wrapper.cfbundle; includeInIndex = 0; path = "Tap-ItTests.xctest"; sourceTree = BUILT_PRODUCTS_DIR; };
		7A57ED70204F43E7004815B5 /* Tap_ItTests.swift */ = {isa = PBXFileReference; lastKnownFileType = sourcecode.swift; path = Tap_ItTests.swift; sourceTree = "<group>"; };
		7A57ED72204F43E7004815B5 /* Info.plist */ = {isa = PBXFileReference; lastKnownFileType = text.plist.xml; path = Info.plist; sourceTree = "<group>"; };
		7AF0AC752056C2CB00734EF1 /* WaitingRoomViewController.swift */ = {isa = PBXFileReference; lastKnownFileType = sourcecode.swift; path = WaitingRoomViewController.swift; sourceTree = "<group>"; };
/* End PBXFileReference section */

/* Begin PBXFrameworksBuildPhase section */
		7A57ED55204F43E7004815B5 /* Frameworks */ = {
			isa = PBXFrameworksBuildPhase;
			buildActionMask = 2147483647;
			files = (
			);
			runOnlyForDeploymentPostprocessing = 0;
		};
		7A57ED69204F43E7004815B5 /* Frameworks */ = {
			isa = PBXFrameworksBuildPhase;
			buildActionMask = 2147483647;
			files = (
			);
			runOnlyForDeploymentPostprocessing = 0;
		};
/* End PBXFrameworksBuildPhase section */

/* Begin PBXGroup section */
		7A420D332055D67C00B50C6A /* Game */ = {
			isa = PBXGroup;
			children = (
				079CD92220534DF200CF91DD /* FigureGameManager.swift */,
				079CD92420534FF000CF91DD /* FigureGameService.swift */,
			);
			path = Game;
			sourceTree = "<group>";
		};
		7A420D342055D69E00B50C6A /* Model */ = {
			isa = PBXGroup;
			children = (
				079CD91E20531A2C00CF91DD /* Card.swift */,
				7A420D2F2055BA9700B50C6A /* Player.swift */,
				7A420D312055C52300B50C6A /* Scoreboard.swift */,
			);
			path = Model;
			sourceTree = "<group>";
		};
		7A420D352055D6AF00B50C6A /* Controller */ = {
			isa = PBXGroup;
			children = (
				079CD92020534ADC00CF91DD /* FigureViewController.swift */,
				7A420D2D2055A7C400B50C6A /* CardView.swift */,
				7A420D2B2055A43C00B50C6A /* CardView.xib */,
				0750A242205B1BBA003E83E5 /* PlayerScore.swift */,
				0750A240205B1B9C003E83E5 /* PlayerScore.xib */,
				7A57ED5F204F43E7004815B5 /* Main.storyboard */,
				7AF0AC752056C2CB00734EF1 /* WaitingRoomViewController.swift */,
			);
			path = Controller;
			sourceTree = "<group>";
		};
		7A57ED4F204F43E7004815B5 = {
			isa = PBXGroup;
			children = (
				7A57ED5A204F43E7004815B5 /* Tap-It */,
				7A57ED6F204F43E7004815B5 /* Tap-ItTests */,
				7A57ED59204F43E7004815B5 /* Products */,
			);
			sourceTree = "<group>";
		};
		7A57ED59204F43E7004815B5 /* Products */ = {
			isa = PBXGroup;
			children = (
				7A57ED58204F43E7004815B5 /* Tap-It.app */,
				7A57ED6C204F43E7004815B5 /* Tap-ItTests.xctest */,
			);
			name = Products;
			sourceTree = "<group>";
		};
		7A57ED5A204F43E7004815B5 /* Tap-It */ = {
			isa = PBXGroup;
			children = (
				7A57ED5B204F43E7004815B5 /* AppDelegate.swift */,
				7A420D332055D67C00B50C6A /* Game */,
				7A420D342055D69E00B50C6A /* Model */,
				7A420D352055D6AF00B50C6A /* Controller */,
				7A57ED62204F43E7004815B5 /* Assets.xcassets */,
				7A57ED64204F43E7004815B5 /* LaunchScreen.storyboard */,
				7A57ED67204F43E7004815B5 /* Info.plist */,
			);
			path = "Tap-It";
			sourceTree = "<group>";
		};
		7A57ED6F204F43E7004815B5 /* Tap-ItTests */ = {
			isa = PBXGroup;
			children = (
				7A57ED70204F43E7004815B5 /* Tap_ItTests.swift */,
				7A57ED72204F43E7004815B5 /* Info.plist */,
			);
			path = "Tap-ItTests";
			sourceTree = "<group>";
		};
/* End PBXGroup section */

/* Begin PBXNativeTarget section */
		7A57ED57204F43E7004815B5 /* Tap-It */ = {
			isa = PBXNativeTarget;
			buildConfigurationList = 7A57ED75204F43E7004815B5 /* Build configuration list for PBXNativeTarget "Tap-It" */;
			buildPhases = (
				7A57ED54204F43E7004815B5 /* Sources */,
				7A57ED55204F43E7004815B5 /* Frameworks */,
				7A57ED56204F43E7004815B5 /* Resources */,
			);
			buildRules = (
			);
			dependencies = (
			);
			name = "Tap-It";
			productName = "Tap-It";
			productReference = 7A57ED58204F43E7004815B5 /* Tap-It.app */;
			productType = "com.apple.product-type.application";
		};
		7A57ED6B204F43E7004815B5 /* Tap-ItTests */ = {
			isa = PBXNativeTarget;
			buildConfigurationList = 7A57ED78204F43E7004815B5 /* Build configuration list for PBXNativeTarget "Tap-ItTests" */;
			buildPhases = (
				7A57ED68204F43E7004815B5 /* Sources */,
				7A57ED69204F43E7004815B5 /* Frameworks */,
				7A57ED6A204F43E7004815B5 /* Resources */,
			);
			buildRules = (
			);
			dependencies = (
				7A57ED6E204F43E7004815B5 /* PBXTargetDependency */,
			);
			name = "Tap-ItTests";
			productName = "Tap-ItTests";
			productReference = 7A57ED6C204F43E7004815B5 /* Tap-ItTests.xctest */;
			productType = "com.apple.product-type.bundle.unit-test";
		};
/* End PBXNativeTarget section */

/* Begin PBXProject section */
		7A57ED50204F43E7004815B5 /* Project object */ = {
			isa = PBXProject;
			attributes = {
				LastSwiftUpdateCheck = 0920;
				LastUpgradeCheck = 0920;
				ORGANIZATIONNAME = "Tap It";
				TargetAttributes = {
					7A57ED57204F43E7004815B5 = {
						CreatedOnToolsVersion = 9.2;
						ProvisioningStyle = Automatic;
					};
					7A57ED6B204F43E7004815B5 = {
						CreatedOnToolsVersion = 9.2;
						ProvisioningStyle = Automatic;
						TestTargetID = 7A57ED57204F43E7004815B5;
					};
				};
			};
			buildConfigurationList = 7A57ED53204F43E7004815B5 /* Build configuration list for PBXProject "Tap-It" */;
			compatibilityVersion = "Xcode 8.0";
			developmentRegion = en;
			hasScannedForEncodings = 0;
			knownRegions = (
				en,
				Base,
			);
			mainGroup = 7A57ED4F204F43E7004815B5;
			productRefGroup = 7A57ED59204F43E7004815B5 /* Products */;
			projectDirPath = "";
			projectRoot = "";
			targets = (
				7A57ED57204F43E7004815B5 /* Tap-It */,
				7A57ED6B204F43E7004815B5 /* Tap-ItTests */,
			);
		};
/* End PBXProject section */

/* Begin PBXResourcesBuildPhase section */
		7A57ED56204F43E7004815B5 /* Resources */ = {
			isa = PBXResourcesBuildPhase;
			buildActionMask = 2147483647;
			files = (
				0750A241205B1B9C003E83E5 /* PlayerScore.xib in Resources */,
				7A57ED66204F43E7004815B5 /* LaunchScreen.storyboard in Resources */,
				7A57ED63204F43E7004815B5 /* Assets.xcassets in Resources */,
				7A57ED61204F43E7004815B5 /* Main.storyboard in Resources */,
				7A420D2C2055A43C00B50C6A /* CardView.xib in Resources */,
			);
			runOnlyForDeploymentPostprocessing = 0;
		};
		7A57ED6A204F43E7004815B5 /* Resources */ = {
			isa = PBXResourcesBuildPhase;
			buildActionMask = 2147483647;
			files = (
			);
			runOnlyForDeploymentPostprocessing = 0;
		};
/* End PBXResourcesBuildPhase section */

/* Begin PBXSourcesBuildPhase section */
		7A57ED54204F43E7004815B5 /* Sources */ = {
			isa = PBXSourcesBuildPhase;
			buildActionMask = 2147483647;
			files = (
				7A420D2E2055A7C400B50C6A /* CardView.swift in Sources */,
				079CD92120534ADC00CF91DD /* FigureViewController.swift in Sources */,
				079CD91F20531A2C00CF91DD /* Card.swift in Sources */,
				079CD92320534DF200CF91DD /* FigureGameManager.swift in Sources */,
				7AF0AC762056C2CB00734EF1 /* WaitingRoomViewController.swift in Sources */,
				7A57ED5C204F43E7004815B5 /* AppDelegate.swift in Sources */,
				7A420D302055BA9700B50C6A /* Player.swift in Sources */,
				7A420D322055C52300B50C6A /* Scoreboard.swift in Sources */,
				079CD92520534FF000CF91DD /* FigureGameService.swift in Sources */,
				0750A243205B1BBA003E83E5 /* PlayerScore.swift in Sources */,
			);
			runOnlyForDeploymentPostprocessing = 0;
		};
		7A57ED68204F43E7004815B5 /* Sources */ = {
			isa = PBXSourcesBuildPhase;
			buildActionMask = 2147483647;
			files = (
				7A57ED71204F43E7004815B5 /* Tap_ItTests.swift in Sources */,
			);
			runOnlyForDeploymentPostprocessing = 0;
		};
/* End PBXSourcesBuildPhase section */

/* Begin PBXTargetDependency section */
		7A57ED6E204F43E7004815B5 /* PBXTargetDependency */ = {
			isa = PBXTargetDependency;
			target = 7A57ED57204F43E7004815B5 /* Tap-It */;
			targetProxy = 7A57ED6D204F43E7004815B5 /* PBXContainerItemProxy */;
		};
/* End PBXTargetDependency section */

/* Begin PBXVariantGroup section */
		7A57ED5F204F43E7004815B5 /* Main.storyboard */ = {
			isa = PBXVariantGroup;
			children = (
				7A57ED60204F43E7004815B5 /* Base */,
			);
			name = Main.storyboard;
			sourceTree = "<group>";
		};
		7A57ED64204F43E7004815B5 /* LaunchScreen.storyboard */ = {
			isa = PBXVariantGroup;
			children = (
				7A57ED65204F43E7004815B5 /* Base */,
			);
			name = LaunchScreen.storyboard;
			sourceTree = "<group>";
		};
/* End PBXVariantGroup section */

/* Begin XCBuildConfiguration section */
		7A57ED73204F43E7004815B5 /* Debug */ = {
			isa = XCBuildConfiguration;
			buildSettings = {
				ALWAYS_SEARCH_USER_PATHS = NO;
				CLANG_ANALYZER_NONNULL = YES;
				CLANG_ANALYZER_NUMBER_OBJECT_CONVERSION = YES_AGGRESSIVE;
				CLANG_CXX_LANGUAGE_STANDARD = "gnu++14";
				CLANG_CXX_LIBRARY = "libc++";
				CLANG_ENABLE_MODULES = YES;
				CLANG_ENABLE_OBJC_ARC = YES;
				CLANG_WARN_BLOCK_CAPTURE_AUTORELEASING = YES;
				CLANG_WARN_BOOL_CONVERSION = YES;
				CLANG_WARN_COMMA = YES;
				CLANG_WARN_CONSTANT_CONVERSION = YES;
				CLANG_WARN_DIRECT_OBJC_ISA_USAGE = YES_ERROR;
				CLANG_WARN_DOCUMENTATION_COMMENTS = YES;
				CLANG_WARN_EMPTY_BODY = YES;
				CLANG_WARN_ENUM_CONVERSION = YES;
				CLANG_WARN_INFINITE_RECURSION = YES;
				CLANG_WARN_INT_CONVERSION = YES;
				CLANG_WARN_NON_LITERAL_NULL_CONVERSION = YES;
				CLANG_WARN_OBJC_LITERAL_CONVERSION = YES;
				CLANG_WARN_OBJC_ROOT_CLASS = YES_ERROR;
				CLANG_WARN_RANGE_LOOP_ANALYSIS = YES;
				CLANG_WARN_STRICT_PROTOTYPES = YES;
				CLANG_WARN_SUSPICIOUS_MOVE = YES;
				CLANG_WARN_UNGUARDED_AVAILABILITY = YES_AGGRESSIVE;
				CLANG_WARN_UNREACHABLE_CODE = YES;
				CLANG_WARN__DUPLICATE_METHOD_MATCH = YES;
				CODE_SIGN_IDENTITY = "iPhone Developer";
				COPY_PHASE_STRIP = NO;
				DEBUG_INFORMATION_FORMAT = dwarf;
				ENABLE_STRICT_OBJC_MSGSEND = YES;
				ENABLE_TESTABILITY = YES;
				GCC_C_LANGUAGE_STANDARD = gnu11;
				GCC_DYNAMIC_NO_PIC = NO;
				GCC_NO_COMMON_BLOCKS = YES;
				GCC_OPTIMIZATION_LEVEL = 0;
				GCC_PREPROCESSOR_DEFINITIONS = (
					"DEBUG=1",
					"$(inherited)",
				);
				GCC_WARN_64_TO_32_BIT_CONVERSION = YES;
				GCC_WARN_ABOUT_RETURN_TYPE = YES_ERROR;
				GCC_WARN_UNDECLARED_SELECTOR = YES;
				GCC_WARN_UNINITIALIZED_AUTOS = YES_AGGRESSIVE;
				GCC_WARN_UNUSED_FUNCTION = YES;
				GCC_WARN_UNUSED_VARIABLE = YES;
				IPHONEOS_DEPLOYMENT_TARGET = 11.2;
				MTL_ENABLE_DEBUG_INFO = YES;
				ONLY_ACTIVE_ARCH = YES;
				SDKROOT = iphoneos;
				SWIFT_ACTIVE_COMPILATION_CONDITIONS = DEBUG;
				SWIFT_OPTIMIZATION_LEVEL = "-Onone";
			};
			name = Debug;
		};
		7A57ED74204F43E7004815B5 /* Release */ = {
			isa = XCBuildConfiguration;
			buildSettings = {
				ALWAYS_SEARCH_USER_PATHS = NO;
				CLANG_ANALYZER_NONNULL = YES;
				CLANG_ANALYZER_NUMBER_OBJECT_CONVERSION = YES_AGGRESSIVE;
				CLANG_CXX_LANGUAGE_STANDARD = "gnu++14";
				CLANG_CXX_LIBRARY = "libc++";
				CLANG_ENABLE_MODULES = YES;
				CLANG_ENABLE_OBJC_ARC = YES;
				CLANG_WARN_BLOCK_CAPTURE_AUTORELEASING = YES;
				CLANG_WARN_BOOL_CONVERSION = YES;
				CLANG_WARN_COMMA = YES;
				CLANG_WARN_CONSTANT_CONVERSION = YES;
				CLANG_WARN_DIRECT_OBJC_ISA_USAGE = YES_ERROR;
				CLANG_WARN_DOCUMENTATION_COMMENTS = YES;
				CLANG_WARN_EMPTY_BODY = YES;
				CLANG_WARN_ENUM_CONVERSION = YES;
				CLANG_WARN_INFINITE_RECURSION = YES;
				CLANG_WARN_INT_CONVERSION = YES;
				CLANG_WARN_NON_LITERAL_NULL_CONVERSION = YES;
				CLANG_WARN_OBJC_LITERAL_CONVERSION = YES;
				CLANG_WARN_OBJC_ROOT_CLASS = YES_ERROR;
				CLANG_WARN_RANGE_LOOP_ANALYSIS = YES;
				CLANG_WARN_STRICT_PROTOTYPES = YES;
				CLANG_WARN_SUSPICIOUS_MOVE = YES;
				CLANG_WARN_UNGUARDED_AVAILABILITY = YES_AGGRESSIVE;
				CLANG_WARN_UNREACHABLE_CODE = YES;
				CLANG_WARN__DUPLICATE_METHOD_MATCH = YES;
				CODE_SIGN_IDENTITY = "iPhone Developer";
				COPY_PHASE_STRIP = NO;
				DEBUG_INFORMATION_FORMAT = "dwarf-with-dsym";
				ENABLE_NS_ASSERTIONS = NO;
				ENABLE_STRICT_OBJC_MSGSEND = YES;
				GCC_C_LANGUAGE_STANDARD = gnu11;
				GCC_NO_COMMON_BLOCKS = YES;
				GCC_WARN_64_TO_32_BIT_CONVERSION = YES;
				GCC_WARN_ABOUT_RETURN_TYPE = YES_ERROR;
				GCC_WARN_UNDECLARED_SELECTOR = YES;
				GCC_WARN_UNINITIALIZED_AUTOS = YES_AGGRESSIVE;
				GCC_WARN_UNUSED_FUNCTION = YES;
				GCC_WARN_UNUSED_VARIABLE = YES;
				IPHONEOS_DEPLOYMENT_TARGET = 11.2;
				MTL_ENABLE_DEBUG_INFO = NO;
				SDKROOT = iphoneos;
				SWIFT_OPTIMIZATION_LEVEL = "-Owholemodule";
				VALIDATE_PRODUCT = YES;
			};
			name = Release;
		};
		7A57ED76204F43E7004815B5 /* Debug */ = {
			isa = XCBuildConfiguration;
			buildSettings = {
				ASSETCATALOG_COMPILER_APPICON_NAME = AppIcon;
				CODE_SIGN_STYLE = Automatic;
				DEVELOPMENT_TEAM = J29799KDDY;
				INFOPLIST_FILE = "Tap-It/Info.plist";
				LD_RUNPATH_SEARCH_PATHS = "$(inherited) @executable_path/Frameworks";
				PRODUCT_BUNDLE_IDENTIFIER = "com.Tap-It";
				PRODUCT_NAME = "$(TARGET_NAME)";
				SWIFT_VERSION = 4.0;
				TARGETED_DEVICE_FAMILY = "1,2";
			};
			name = Debug;
		};
		7A57ED77204F43E7004815B5 /* Release */ = {
			isa = XCBuildConfiguration;
			buildSettings = {
				ASSETCATALOG_COMPILER_APPICON_NAME = AppIcon;
				CODE_SIGN_STYLE = Automatic;
				DEVELOPMENT_TEAM = J29799KDDY;
				INFOPLIST_FILE = "Tap-It/Info.plist";
				LD_RUNPATH_SEARCH_PATHS = "$(inherited) @executable_path/Frameworks";
				PRODUCT_BUNDLE_IDENTIFIER = "com.Tap-It";
				PRODUCT_NAME = "$(TARGET_NAME)";
				SWIFT_VERSION = 4.0;
				TARGETED_DEVICE_FAMILY = "1,2";
			};
			name = Release;
		};
		7A57ED79204F43E7004815B5 /* Debug */ = {
			isa = XCBuildConfiguration;
			buildSettings = {
				ALWAYS_EMBED_SWIFT_STANDARD_LIBRARIES = YES;
				BUNDLE_LOADER = "$(TEST_HOST)";
				CODE_SIGN_STYLE = Automatic;
				DEVELOPMENT_TEAM = J29799KDDY;
				INFOPLIST_FILE = "Tap-ItTests/Info.plist";
				LD_RUNPATH_SEARCH_PATHS = "$(inherited) @executable_path/Frameworks @loader_path/Frameworks";
				PRODUCT_BUNDLE_IDENTIFIER = "com.Tap-ItTests";
				PRODUCT_NAME = "$(TARGET_NAME)";
				SWIFT_VERSION = 4.0;
				TARGETED_DEVICE_FAMILY = "1,2";
				TEST_HOST = "$(BUILT_PRODUCTS_DIR)/Tap-It.app/Tap-It";
			};
			name = Debug;
		};
		7A57ED7A204F43E7004815B5 /* Release */ = {
			isa = XCBuildConfiguration;
			buildSettings = {
				ALWAYS_EMBED_SWIFT_STANDARD_LIBRARIES = YES;
				BUNDLE_LOADER = "$(TEST_HOST)";
				CODE_SIGN_STYLE = Automatic;
				DEVELOPMENT_TEAM = J29799KDDY;
				INFOPLIST_FILE = "Tap-ItTests/Info.plist";
				LD_RUNPATH_SEARCH_PATHS = "$(inherited) @executable_path/Frameworks @loader_path/Frameworks";
				PRODUCT_BUNDLE_IDENTIFIER = "com.Tap-ItTests";
				PRODUCT_NAME = "$(TARGET_NAME)";
				SWIFT_VERSION = 4.0;
				TARGETED_DEVICE_FAMILY = "1,2";
				TEST_HOST = "$(BUILT_PRODUCTS_DIR)/Tap-It.app/Tap-It";
			};
			name = Release;
		};
/* End XCBuildConfiguration section */

/* Begin XCConfigurationList section */
		7A57ED53204F43E7004815B5 /* Build configuration list for PBXProject "Tap-It" */ = {
			isa = XCConfigurationList;
			buildConfigurations = (
				7A57ED73204F43E7004815B5 /* Debug */,
				7A57ED74204F43E7004815B5 /* Release */,
			);
			defaultConfigurationIsVisible = 0;
			defaultConfigurationName = Release;
		};
		7A57ED75204F43E7004815B5 /* Build configuration list for PBXNativeTarget "Tap-It" */ = {
			isa = XCConfigurationList;
			buildConfigurations = (
				7A57ED76204F43E7004815B5 /* Debug */,
				7A57ED77204F43E7004815B5 /* Release */,
			);
			defaultConfigurationIsVisible = 0;
			defaultConfigurationName = Release;
		};
		7A57ED78204F43E7004815B5 /* Build configuration list for PBXNativeTarget "Tap-ItTests" */ = {
			isa = XCConfigurationList;
			buildConfigurations = (
				7A57ED79204F43E7004815B5 /* Debug */,
				7A57ED7A204F43E7004815B5 /* Release */,
			);
			defaultConfigurationIsVisible = 0;
			defaultConfigurationName = Release;
		};
/* End XCConfigurationList section */
	};
	rootObject = 7A57ED50204F43E7004815B5 /* Project object */;
}
